<?xml version="1.0" encoding="utf-8"?>
<Project ToolsVersion="4.0" xmlns="http://schemas.microsoft.com/developer/msbuild/2003">
  <ItemGroup>
    <Filter Include="win32">
      <UniqueIdentifier>{84a8ebd7-7cf0-47f6-b75e-d441df67da40}</UniqueIdentifier>
    </Filter>
    <Filter Include="resource">
      <UniqueIdentifier>{715254bc-d70b-4ec5-bf29-467dd3ace079}</UniqueIdentifier>
    </Filter>
    <Filter Include="src">
      <UniqueIdentifier>{bb6c862e-70e9-49d9-81b7-3829a6f50471}</UniqueIdentifier>
    </Filter>
  </ItemGroup>
  <ItemGroup>
    <ClCompile Include="main.cpp">
      <Filter>win32</Filter>
    </ClCompile>
    <ClCompile Include="..\Classes\AppDelegate.cpp">
      <Filter>src</Filter>
    </ClCompile>
    <ClCompile Include="..\Classes\DrawNode3D.cpp">
      <Filter>src</Filter>
    </ClCompile>
    <ClCompile Include="..\Classes\CameraTest.cpp">
      <Filter>src</Filter>
    </ClCompile>
    <ClCompile Include="..\Classes\BillBoardTest.cpp">
      <Filter>src</Filter>
    </ClCompile>
    <ClCompile Include="..\Classes\ModelTest.cpp">
      <Filter>src</Filter>
    </ClCompile>
    <ClCompile Include="..\Classes\VSTree.cpp">
      <Filter>src</Filter>
    </ClCompile>
    <ClCompile Include="..\Classes\UVAnim.cpp">
      <Filter>src</Filter>
    </ClCompile>
    <ClCompile Include="..\Classes\UVCartoonRender.cpp">
      <Filter>src</Filter>
    </ClCompile>
    <ClCompile Include="..\Classes\UVAnimLight.cpp">
      <Filter>src</Filter>
    </ClCompile>
    <ClCompile Include="..\Classes\UVAnimStroke.cpp">
      <Filter>src</Filter>
    </ClCompile>
    <ClCompile Include="..\Classes\UVSkeleAnim.cpp">
      <Filter>src</Filter>
    </ClCompile>
    <ClCompile Include="..\Classes\UVEquiReload.cpp">
      <Filter>src</Filter>
    </ClCompile>
    <ClCompile Include="..\Classes\UVSkeleBind.cpp">
      <Filter>src</Filter>
    </ClCompile>
    <ClCompile Include="..\Classes\AABBOBB.cpp">
      <Filter>src</Filter>
    </ClCompile>
    <ClCompile Include="..\Classes\ParticlePU.cpp">
      <Filter>src</Filter>
    </ClCompile>
    <ClCompile Include="..\Classes\CubeSkyBox.cpp">
      <Filter>src</Filter>
    </ClCompile>
    <ClCompile Include="..\Classes\Terrian.cpp">
      <Filter>src</Filter>
    </ClCompile>
    <ClCompile Include="..\Classes\EnvirMapper.cpp">
      <Filter>src</Filter>
    </ClCompile>
    <ClCompile Include="..\Classes\C3DAtomize.cpp">
      <Filter>src</Filter>
    </ClCompile>
    <ClCompile Include="..\Classes\UVShadowMap.cpp">
      <Filter>src</Filter>
    </ClCompile>
    <ClCompile Include="..\Classes\UVRaycast.cpp">
      <Filter>src</Filter>
    </ClCompile>
  </ItemGroup>
  <ItemGroup>
    <ClInclude Include="main.h">
      <Filter>win32</Filter>
    </ClInclude>
    <ClInclude Include="..\Classes\AppDelegate.h">
      <Filter>src</Filter>
    </ClInclude>
    <ClInclude Include="..\Classes\DrawNode3D.h">
      <Filter>src</Filter>
    </ClInclude>
    <ClInclude Include="..\Classes\CameraTest.h">
      <Filter>src</Filter>
    </ClInclude>
    <ClInclude Include="..\Classes\BillBoardTest.h">
      <Filter>src</Filter>
    </ClInclude>
    <ClInclude Include="..\Classes\ModelTest.h">
      <Filter>src</Filter>
    </ClInclude>
    <ClInclude Include="..\Classes\VSTree.h">
      <Filter>src</Filter>
    </ClInclude>
    <ClInclude Include="..\Classes\UVAnim.h">
      <Filter>src</Filter>
    </ClInclude>
    <ClInclude Include="..\Classes\UVCartoonRender.h">
      <Filter>src</Filter>
    </ClInclude>
    <ClInclude Include="..\Classes\UVAnimLight.h">
      <Filter>src</Filter>
    </ClInclude>
    <ClInclude Include="..\Classes\UVAnimStroke.h">
      <Filter>src</Filter>
    </ClInclude>
    <ClInclude Include="..\Classes\UVSkeleAnim.h">
      <Filter>src</Filter>
    </ClInclude>
    <ClInclude Include="..\Classes\UVEquiReload.h">
      <Filter>src</Filter>
    </ClInclude>
    <ClInclude Include="..\Classes\UVSkeleBind.h">
      <Filter>src</Filter>
    </ClInclude>
    <ClInclude Include="..\Classes\AABBOBB.h">
      <Filter>src</Filter>
    </ClInclude>
    <ClInclude Include="..\Classes\ParticlePU.h">
      <Filter>src</Filter>
    </ClInclude>
    <ClInclude Include="..\Classes\CubeSkyBox.h">
      <Filter>src</Filter>
    </ClInclude>
    <ClInclude Include="..\Classes\Terrian.h">
      <Filter>src</Filter>
    </ClInclude>
    <ClInclude Include="..\Classes\EnvirMapper.h">
      <Filter>src</Filter>
    </ClInclude>
    <ClInclude Include="..\Classes\C3DAtomize.h">
      <Filter>src</Filter>
    </ClInclude>
    <ClInclude Include="..\Classes\UVShadowMap.h">
      <Filter>src</Filter>
    </ClInclude>
    <ClInclude Include="..\Classes\UVRaycast.h">
      <Filter>src</Filter>
    </ClInclude>
  </ItemGroup>
  <ItemGroup>
    <ResourceCompile Include="game.rc">
      <Filter>resource</Filter>
    </ResourceCompile>
  </ItemGroup>
</Project>